// !$*UTF8*$!
{
	archiveVersion = 1;
	classes = {
	};
	objectVersion = 46;
	objects = {

/* Begin PBXBuildFile section */
		57A7E403BFB5E1099A1EC21F /* Pods_TwitterDemo.framework in Frameworks */ = {isa = PBXBuildFile; fileRef = CACEFF7B6904F5A50F825945 /* Pods_TwitterDemo.framework */; };
		760FCB301DC49DD700D73D6A /* User.swift in Sources */ = {isa = PBXBuildFile; fileRef = 760FCB2F1DC49DD700D73D6A /* User.swift */; };
		760FCB321DC49DF700D73D6A /* Tweet.swift in Sources */ = {isa = PBXBuildFile; fileRef = 760FCB311DC49DF700D73D6A /* Tweet.swift */; };
		763BECE71DC1DA1300CC16BC /* AppDelegate.swift in Sources */ = {isa = PBXBuildFile; fileRef = 763BECE61DC1DA1300CC16BC /* AppDelegate.swift */; };
		763BECEC1DC1DA1300CC16BC /* Main.storyboard in Resources */ = {isa = PBXBuildFile; fileRef = 763BECEA1DC1DA1300CC16BC /* Main.storyboard */; };
		763BECEE1DC1DA1300CC16BC /* Assets.xcassets in Resources */ = {isa = PBXBuildFile; fileRef = 763BECED1DC1DA1300CC16BC /* Assets.xcassets */; };
		763BECF11DC1DA1300CC16BC /* LaunchScreen.storyboard in Resources */ = {isa = PBXBuildFile; fileRef = 763BECEF1DC1DA1300CC16BC /* LaunchScreen.storyboard */; };
		763BECFA1DC1DD1B00CC16BC /* LoginViewController.swift in Sources */ = {isa = PBXBuildFile; fileRef = 763BECF91DC1DD1B00CC16BC /* LoginViewController.swift */; };
		766C0EA01DC57C8A003DA09A /* TwitterClient.swift in Sources */ = {isa = PBXBuildFile; fileRef = 766C0E9F1DC57C8A003DA09A /* TwitterClient.swift */; };
		766C0EA21DC5A16E003DA09A /* TweetsViewController.swift in Sources */ = {isa = PBXBuildFile; fileRef = 766C0EA11DC5A16E003DA09A /* TweetsViewController.swift */; };
		766C0EA51DC601E8003DA09A /* TweetCell.swift in Sources */ = {isa = PBXBuildFile; fileRef = 766C0EA41DC601E8003DA09A /* TweetCell.swift */; };
		766C0EA71DC7EBCD003DA09A /* TweetDetailViewController.swift in Sources */ = {isa = PBXBuildFile; fileRef = 766C0EA61DC7EBCD003DA09A /* TweetDetailViewController.swift */; };
		766C0EA91DC8038B003DA09A /* ComposeViewController.swift in Sources */ = {isa = PBXBuildFile; fileRef = 766C0EA81DC8038B003DA09A /* ComposeViewController.swift */; };
/* End PBXBuildFile section */

/* Begin PBXFileReference section */
		1E5D35E49E8E4D36E9558510 /* Pods-TwitterDemo.release.xcconfig */ = {isa = PBXFileReference; includeInIndex = 1; lastKnownFileType = text.xcconfig; name = "Pods-TwitterDemo.release.xcconfig"; path = "Pods/Target Support Files/Pods-TwitterDemo/Pods-TwitterDemo.release.xcconfig"; sourceTree = "<group>"; };
		760FCB2F1DC49DD700D73D6A /* User.swift */ = {isa = PBXFileReference; fileEncoding = 4; lastKnownFileType = sourcecode.swift; path = User.swift; sourceTree = "<group>"; };
		760FCB311DC49DF700D73D6A /* Tweet.swift */ = {isa = PBXFileReference; fileEncoding = 4; lastKnownFileType = sourcecode.swift; path = Tweet.swift; sourceTree = "<group>"; };
		763BECE31DC1DA1300CC16BC /* TwitterDemo.app */ = {isa = PBXFileReference; explicitFileType = wrapper.application; includeInIndex = 0; path = TwitterDemo.app; sourceTree = BUILT_PRODUCTS_DIR; };
		763BECE61DC1DA1300CC16BC /* AppDelegate.swift */ = {isa = PBXFileReference; lastKnownFileType = sourcecode.swift; path = AppDelegate.swift; sourceTree = "<group>"; };
		763BECEB1DC1DA1300CC16BC /* Base */ = {isa = PBXFileReference; lastKnownFileType = file.storyboard; name = Base; path = Base.lproj/Main.storyboard; sourceTree = "<group>"; };
		763BECED1DC1DA1300CC16BC /* Assets.xcassets */ = {isa = PBXFileReference; lastKnownFileType = folder.assetcatalog; path = Assets.xcassets; sourceTree = "<group>"; };
		763BECF01DC1DA1300CC16BC /* Base */ = {isa = PBXFileReference; lastKnownFileType = file.storyboard; name = Base; path = Base.lproj/LaunchScreen.storyboard; sourceTree = "<group>"; };
		763BECF21DC1DA1300CC16BC /* Info.plist */ = {isa = PBXFileReference; lastKnownFileType = text.plist.xml; path = Info.plist; sourceTree = "<group>"; };
		763BECF91DC1DD1B00CC16BC /* LoginViewController.swift */ = {isa = PBXFileReference; fileEncoding = 4; lastKnownFileType = sourcecode.swift; path = LoginViewController.swift; sourceTree = "<group>"; };
		763BECFB1DC3082E00CC16BC /* TwitterDemo.entitlements */ = {isa = PBXFileReference; lastKnownFileType = text.plist.entitlements; path = TwitterDemo.entitlements; sourceTree = "<group>"; };
		766C0E9F1DC57C8A003DA09A /* TwitterClient.swift */ = {isa = PBXFileReference; fileEncoding = 4; lastKnownFileType = sourcecode.swift; path = TwitterClient.swift; sourceTree = "<group>"; };
		766C0EA11DC5A16E003DA09A /* TweetsViewController.swift */ = {isa = PBXFileReference; fileEncoding = 4; lastKnownFileType = sourcecode.swift; path = TweetsViewController.swift; sourceTree = "<group>"; };
		766C0EA41DC601E8003DA09A /* TweetCell.swift */ = {isa = PBXFileReference; fileEncoding = 4; lastKnownFileType = sourcecode.swift; path = TweetCell.swift; sourceTree = "<group>"; };
		766C0EA61DC7EBCD003DA09A /* TweetDetailViewController.swift */ = {isa = PBXFileReference; fileEncoding = 4; lastKnownFileType = sourcecode.swift; path = TweetDetailViewController.swift; sourceTree = "<group>"; };
		766C0EA81DC8038B003DA09A /* ComposeViewController.swift */ = {isa = PBXFileReference; fileEncoding = 4; lastKnownFileType = sourcecode.swift; path = ComposeViewController.swift; sourceTree = "<group>"; };
		CACEFF7B6904F5A50F825945 /* Pods_TwitterDemo.framework */ = {isa = PBXFileReference; explicitFileType = wrapper.framework; includeInIndex = 0; path = Pods_TwitterDemo.framework; sourceTree = BUILT_PRODUCTS_DIR; };
		E34B8A482F6F642FD221D770 /* Pods-TwitterDemo.debug.xcconfig */ = {isa = PBXFileReference; includeInIndex = 1; lastKnownFileType = text.xcconfig; name = "Pods-TwitterDemo.debug.xcconfig"; path = "Pods/Target Support Files/Pods-TwitterDemo/Pods-TwitterDemo.debug.xcconfig"; sourceTree = "<group>"; };
/* End PBXFileReference section */

/* Begin PBXFrameworksBuildPhase section */
		763BECE01DC1DA1300CC16BC /* Frameworks */ = {
			isa = PBXFrameworksBuildPhase;
			buildActionMask = 2147483647;
			files = (
				57A7E403BFB5E1099A1EC21F /* Pods_TwitterDemo.framework in Frameworks */,
			);
			runOnlyForDeploymentPostprocessing = 0;
		};
/* End PBXFrameworksBuildPhase section */

/* Begin PBXGroup section */
		4E35EB644304B31CE31766F0 /* Frameworks */ = {
			isa = PBXGroup;
			children = (
				CACEFF7B6904F5A50F825945 /* Pods_TwitterDemo.framework */,
			);
			name = Frameworks;
			sourceTree = "<group>";
		};
		73C803A1E640FA0351BFA865 /* Pods */ = {
			isa = PBXGroup;
			children = (
				E34B8A482F6F642FD221D770 /* Pods-TwitterDemo.debug.xcconfig */,
				1E5D35E49E8E4D36E9558510 /* Pods-TwitterDemo.release.xcconfig */,
			);
			name = Pods;
			sourceTree = "<group>";
		};
		760FCB2D1DC49D7900D73D6A /* Models */ = {
			isa = PBXGroup;
			children = (
				760FCB2F1DC49DD700D73D6A /* User.swift */,
				760FCB311DC49DF700D73D6A /* Tweet.swift */,
			);
			name = Models;
			sourceTree = "<group>";
		};
		760FCB2E1DC49D8900D73D6A /* API */ = {
			isa = PBXGroup;
			children = (
				766C0E9F1DC57C8A003DA09A /* TwitterClient.swift */,
			);
			name = API;
			sourceTree = "<group>";
		};
		763BECDA1DC1DA1300CC16BC = {
			isa = PBXGroup;
			children = (
				763BECE51DC1DA1300CC16BC /* TwitterDemo */,
				763BECE41DC1DA1300CC16BC /* Products */,
				73C803A1E640FA0351BFA865 /* Pods */,
				4E35EB644304B31CE31766F0 /* Frameworks */,
			);
			sourceTree = "<group>";
		};
		763BECE41DC1DA1300CC16BC /* Products */ = {
			isa = PBXGroup;
			children = (
				763BECE31DC1DA1300CC16BC /* TwitterDemo.app */,
			);
			name = Products;
			sourceTree = "<group>";
		};
		763BECE51DC1DA1300CC16BC /* TwitterDemo */ = {
			isa = PBXGroup;
			children = (
				766C0EA31DC601C1003DA09A /* Views */,
				760FCB2E1DC49D8900D73D6A /* API */,
				760FCB2D1DC49D7900D73D6A /* Models */,
				763BECFB1DC3082E00CC16BC /* TwitterDemo.entitlements */,
				763BECF81DC1DCD100CC16BC /* View Controllers */,
				763BECE61DC1DA1300CC16BC /* AppDelegate.swift */,
				763BECEA1DC1DA1300CC16BC /* Main.storyboard */,
				763BECED1DC1DA1300CC16BC /* Assets.xcassets */,
				763BECEF1DC1DA1300CC16BC /* LaunchScreen.storyboard */,
				763BECF21DC1DA1300CC16BC /* Info.plist */,
			);
			path = TwitterDemo;
			sourceTree = "<group>";
		};
		763BECF81DC1DCD100CC16BC /* View Controllers */ = {
			isa = PBXGroup;
			children = (
				763BECF91DC1DD1B00CC16BC /* LoginViewController.swift */,
				766C0EA11DC5A16E003DA09A /* TweetsViewController.swift */,
				766C0EA61DC7EBCD003DA09A /* TweetDetailViewController.swift */,
				766C0EA81DC8038B003DA09A /* ComposeViewController.swift */,
			);
			name = "View Controllers";
			sourceTree = "<group>";
		};
		766C0EA31DC601C1003DA09A /* Views */ = {
			isa = PBXGroup;
			children = (
				766C0EA41DC601E8003DA09A /* TweetCell.swift */,
			);
			name = Views;
			sourceTree = "<group>";
		};
/* End PBXGroup section */

/* Begin PBXNativeTarget section */
		763BECE21DC1DA1300CC16BC /* TwitterDemo */ = {
			isa = PBXNativeTarget;
			buildConfigurationList = 763BECF51DC1DA1300CC16BC /* Build configuration list for PBXNativeTarget "TwitterDemo" */;
			buildPhases = (
				27AEFBEA751BE53736BC44B7 /* [CP] Check Pods Manifest.lock */,
				763BECDF1DC1DA1300CC16BC /* Sources */,
				763BECE01DC1DA1300CC16BC /* Frameworks */,
				763BECE11DC1DA1300CC16BC /* Resources */,
				1F54CA5E69751D9E2A53A6CC /* [CP] Embed Pods Frameworks */,
				D2A0DA7DE4DDDA4E5E8E4C2F /* [CP] Copy Pods Resources */,
			);
			buildRules = (
			);
			dependencies = (
			);
			name = TwitterDemo;
			productName = TwitterDemo;
			productReference = 763BECE31DC1DA1300CC16BC /* TwitterDemo.app */;
			productType = "com.apple.product-type.application";
		};
/* End PBXNativeTarget section */

/* Begin PBXProject section */
		763BECDB1DC1DA1300CC16BC /* Project object */ = {
			isa = PBXProject;
			attributes = {
				LastSwiftUpdateCheck = 0800;
				LastUpgradeCheck = 0800;
				ORGANIZATIONNAME = "Audrey Chaing";
				TargetAttributes = {
					763BECE21DC1DA1300CC16BC = {
						CreatedOnToolsVersion = 8.0;
						DevelopmentTeam = ZUXFDQMF78;
						ProvisioningStyle = Automatic;
						SystemCapabilities = {
							com.apple.Keychain = {
								enabled = 1;
							};
						};
					};
				};
			};
			buildConfigurationList = 763BECDE1DC1DA1300CC16BC /* Build configuration list for PBXProject "TwitterDemo" */;
			compatibilityVersion = "Xcode 3.2";
			developmentRegion = English;
			hasScannedForEncodings = 0;
			knownRegions = (
				en,
				Base,
			);
			mainGroup = 763BECDA1DC1DA1300CC16BC;
			productRefGroup = 763BECE41DC1DA1300CC16BC /* Products */;
			projectDirPath = "";
			projectRoot = "";
			targets = (
				763BECE21DC1DA1300CC16BC /* TwitterDemo */,
			);
		};
/* End PBXProject section */

/* Begin PBXResourcesBuildPhase section */
		763BECE11DC1DA1300CC16BC /* Resources */ = {
			isa = PBXResourcesBuildPhase;
			buildActionMask = 2147483647;
			files = (
				763BECF11DC1DA1300CC16BC /* LaunchScreen.storyboard in Resources */,
				763BECEE1DC1DA1300CC16BC /* Assets.xcassets in Resources */,
				763BECEC1DC1DA1300CC16BC /* Main.storyboard in Resources */,
			);
			runOnlyForDeploymentPostprocessing = 0;
		};
/* End PBXResourcesBuildPhase section */

/* Begin PBXShellScriptBuildPhase section */
		1F54CA5E69751D9E2A53A6CC /* [CP] Embed Pods Frameworks */ = {
			isa = PBXShellScriptBuildPhase;
			buildActionMask = 2147483647;
			files = (
			);
			inputPaths = (
			);
			name = "[CP] Embed Pods Frameworks";
			outputPaths = (
			);
			runOnlyForDeploymentPostprocessing = 0;
			shellPath = /bin/sh;
			shellScript = "\"${SRCROOT}/Pods/Target Support Files/Pods-TwitterDemo/Pods-TwitterDemo-frameworks.sh\"\n";
			showEnvVarsInLog = 0;
		};
		27AEFBEA751BE53736BC44B7 /* [CP] Check Pods Manifest.lock */ = {
			isa = PBXShellScriptBuildPhase;
			buildActionMask = 2147483647;
			files = (
			);
			inputPaths = (
			);
			name = "[CP] Check Pods Manifest.lock";
			outputPaths = (
			);
			runOnlyForDeploymentPostprocessing = 0;
			shellPath = /bin/sh;
			shellScript = "diff \"${PODS_ROOT}/../Podfile.lock\" \"${PODS_ROOT}/Manifest.lock\" > /dev/null\nif [[ $? != 0 ]] ; then\n    cat << EOM\nerror: The sandbox is not in sync with the Podfile.lock. Run 'pod install' or update your CocoaPods installation.\nEOM\n    exit 1\nfi\n";
			showEnvVarsInLog = 0;
		};
		D2A0DA7DE4DDDA4E5E8E4C2F /* [CP] Copy Pods Resources */ = {
			isa = PBXShellScriptBuildPhase;
			buildActionMask = 2147483647;
			files = (
			);
			inputPaths = (
			);
			name = "[CP] Copy Pods Resources";
			outputPaths = (
			);
			runOnlyForDeploymentPostprocessing = 0;
			shellPath = /bin/sh;
			shellScript = "\"${SRCROOT}/Pods/Target Support Files/Pods-TwitterDemo/Pods-TwitterDemo-resources.sh\"\n";
			showEnvVarsInLog = 0;
		};
/* End PBXShellScriptBuildPhase section */

/* Begin PBXSourcesBuildPhase section */
		763BECDF1DC1DA1300CC16BC /* Sources */ = {
			isa = PBXSourcesBuildPhase;
			buildActionMask = 2147483647;
			files = (
				766C0EA91DC8038B003DA09A /* ComposeViewController.swift in Sources */,
				760FCB301DC49DD700D73D6A /* User.swift in Sources */,
				766C0EA51DC601E8003DA09A /* TweetCell.swift in Sources */,
				760FCB321DC49DF700D73D6A /* Tweet.swift in Sources */,
				763BECFA1DC1DD1B00CC16BC /* LoginViewController.swift in Sources */,
				766C0EA21DC5A16E003DA09A /* TweetsViewController.swift in Sources */,
				766C0EA71DC7EBCD003DA09A /* TweetDetailViewController.swift in Sources */,
				766C0EA01DC57C8A003DA09A /* TwitterClient.swift in Sources */,
				763BECE71DC1DA1300CC16BC /* AppDelegate.swift in Sources */,
			);
			runOnlyForDeploymentPostprocessing = 0;
		};
/* End PBXSourcesBuildPhase section */

/* Begin PBXVariantGroup section */
		763BECEA1DC1DA1300CC16BC /* Main.storyboard */ = {
			isa = PBXVariantGroup;
			children = (
				763BECEB1DC1DA1300CC16BC /* Base */,
			);
			name = Main.storyboard;
			sourceTree = "<group>";
		};
		763BECEF1DC1DA1300CC16BC /* LaunchScreen.storyboard */ = {
			isa = PBXVariantGroup;
			children = (
				763BECF01DC1DA1300CC16BC /* Base */,
			);
			name = LaunchScreen.storyboard;
			sourceTree = "<group>";
		};
/* End PBXVariantGroup section */

/* Begin XCBuildConfiguration section */
		763BECF31DC1DA1300CC16BC /* Debug */ = {
			isa = XCBuildConfiguration;
			buildSettings = {
				ALWAYS_SEARCH_USER_PATHS = NO;
				CLANG_ANALYZER_NONNULL = YES;
				CLANG_CXX_LANGUAGE_STANDARD = "gnu++0x";
				CLANG_CXX_LIBRARY = "libc++";
				CLANG_ENABLE_MODULES = YES;
				CLANG_ENABLE_OBJC_ARC = YES;
				CLANG_WARN_BOOL_CONVERSION = YES;
				CLANG_WARN_CONSTANT_CONVERSION = YES;
				CLANG_WARN_DIRECT_OBJC_ISA_USAGE = YES_ERROR;
				CLANG_WARN_DOCUMENTATION_COMMENTS = YES;
				CLANG_WARN_EMPTY_BODY = YES;
				CLANG_WARN_ENUM_CONVERSION = YES;
				CLANG_WARN_INFINITE_RECURSION = YES;
				CLANG_WARN_INT_CONVERSION = YES;
				CLANG_WARN_OBJC_ROOT_CLASS = YES_ERROR;
				CLANG_WARN_SUSPICIOUS_MOVES = YES;
				CLANG_WARN_UNREACHABLE_CODE = YES;
				CLANG_WARN__DUPLICATE_METHOD_MATCH = YES;
				"CODE_SIGN_IDENTITY[sdk=iphoneos*]" = "iPhone Developer";
				COPY_PHASE_STRIP = NO;
				DEBUG_INFORMATION_FORMAT = dwarf;
				ENABLE_STRICT_OBJC_MSGSEND = YES;
				ENABLE_TESTABILITY = YES;
				GCC_C_LANGUAGE_STANDARD = gnu99;
				GCC_DYNAMIC_NO_PIC = NO;
				GCC_NO_COMMON_BLOCKS = YES;
				GCC_OPTIMIZATION_LEVEL = 0;
				GCC_PREPROCESSOR_DEFINITIONS = (
					"DEBUG=1",
					"$(inherited)",
				);
				GCC_WARN_64_TO_32_BIT_CONVERSION = YES;
				GCC_WARN_ABOUT_RETURN_TYPE = YES_ERROR;
				GCC_WARN_UNDECLARED_SELECTOR = YES;
				GCC_WARN_UNINITIALIZED_AUTOS = YES_AGGRESSIVE;
				GCC_WARN_UNUSED_FUNCTION = YES;
				GCC_WARN_UNUSED_VARIABLE = YES;
				IPHONEOS_DEPLOYMENT_TARGET = 10.0;
				MTL_ENABLE_DEBUG_INFO = YES;
				ONLY_ACTIVE_ARCH = YES;
				SDKROOT = iphoneos;
				SWIFT_ACTIVE_COMPILATION_CONDITIONS = DEBUG;
				SWIFT_OPTIMIZATION_LEVEL = "-Onone";
			};
			name = Debug;
		};
		763BECF41DC1DA1300CC16BC /* Release */ = {
			isa = XCBuildConfiguration;
			buildSettings = {
				ALWAYS_SEARCH_USER_PATHS = NO;
				CLANG_ANALYZER_NONNULL = YES;
				CLANG_CXX_LANGUAGE_STANDARD = "gnu++0x";
				CLANG_CXX_LIBRARY = "libc++";
				CLANG_ENABLE_MODULES = YES;
				CLANG_ENABLE_OBJC_ARC = YES;
				CLANG_WARN_BOOL_CONVERSION = YES;
				CLANG_WARN_CONSTANT_CONVERSION = YES;
				CLANG_WARN_DIRECT_OBJC_ISA_USAGE = YES_ERROR;
				CLANG_WARN_DOCUMENTATION_COMMENTS = YES;
				CLANG_WARN_EMPTY_BODY = YES;
				CLANG_WARN_ENUM_CONVERSION = YES;
				CLANG_WARN_INFINITE_RECURSION = YES;
				CLANG_WARN_INT_CONVERSION = YES;
				CLANG_WARN_OBJC_ROOT_CLASS = YES_ERROR;
				CLANG_WARN_SUSPICIOUS_MOVES = YES;
				CLANG_WARN_UNREACHABLE_CODE = YES;
				CLANG_WARN__DUPLICATE_METHOD_MATCH = YES;
				"CODE_SIGN_IDENTITY[sdk=iphoneos*]" = "iPhone Developer";
				COPY_PHASE_STRIP = NO;
				DEBUG_INFORMATION_FORMAT = "dwarf-with-dsym";
				ENABLE_NS_ASSERTIONS = NO;
				ENABLE_STRICT_OBJC_MSGSEND = YES;
				GCC_C_LANGUAGE_STANDARD = gnu99;
				GCC_NO_COMMON_BLOCKS = YES;
				GCC_WARN_64_TO_32_BIT_CONVERSION = YES;
				GCC_WARN_ABOUT_RETURN_TYPE = YES_ERROR;
				GCC_WARN_UNDECLARED_SELECTOR = YES;
				GCC_WARN_UNINITIALIZED_AUTOS = YES_AGGRESSIVE;
				GCC_WARN_UNUSED_FUNCTION = YES;
				GCC_WARN_UNUSED_VARIABLE = YES;
				IPHONEOS_DEPLOYMENT_TARGET = 10.0;
				MTL_ENABLE_DEBUG_INFO = NO;
				SDKROOT = iphoneos;
				SWIFT_OPTIMIZATION_LEVEL = "-Owholemodule";
				VALIDATE_PRODUCT = YES;
			};
			name = Release;
		};
		763BECF61DC1DA1300CC16BC /* Debug */ = {
			isa = XCBuildConfiguration;
			baseConfigurationReference = E34B8A482F6F642FD221D770 /* Pods-TwitterDemo.debug.xcconfig */;
			buildSettings = {
				ASSETCATALOG_COMPILER_APPICON_NAME = AppIcon;
				CODE_SIGN_ENTITLEMENTS = TwitterDemo/TwitterDemo.entitlements;
				DEVELOPMENT_TEAM = ZUXFDQMF78;
				INFOPLIST_FILE = TwitterDemo/Info.plist;
				LD_RUNPATH_SEARCH_PATHS = "$(inherited) @executable_path/Frameworks";
				PRODUCT_BUNDLE_IDENTIFIER = com.auds.TwitterDemo;
				PRODUCT_NAME = "$(TARGET_NAME)";
				SWIFT_VERSION = 3.0;
			};
			name = Debug;
		};
		763BECF71DC1DA1300CC16BC /* Release */ = {
			isa = XCBuildConfiguration;
			baseConfigurationReference = 1E5D35E49E8E4D36E9558510 /* Pods-TwitterDemo.release.xcconfig */;
			buildSettings = {
				ASSETCATALOG_COMPILER_APPICON_NAME = AppIcon;
				CODE_SIGN_ENTITLEMENTS = TwitterDemo/TwitterDemo.entitlements;
				DEVELOPMENT_TEAM = ZUXFDQMF78;
				INFOPLIST_FILE = TwitterDemo/Info.plist;
				LD_RUNPATH_SEARCH_PATHS = "$(inherited) @executable_path/Frameworks";
				PRODUCT_BUNDLE_IDENTIFIER = com.auds.TwitterDemo;
				PRODUCT_NAME = "$(TARGET_NAME)";
				SWIFT_VERSION = 3.0;
			};
			name = Release;
		};
/* End XCBuildConfiguration section */

/* Begin XCConfigurationList section */
		763BECDE1DC1DA1300CC16BC /* Build configuration list for PBXProject "TwitterDemo" */ = {
			isa = XCConfigurationList;
			buildConfigurations = (
				763BECF31DC1DA1300CC16BC /* Debug */,
				763BECF41DC1DA1300CC16BC /* Release */,
			);
			defaultConfigurationIsVisible = 0;
			defaultConfigurationName = Release;
		};
		763BECF51DC1DA1300CC16BC /* Build configuration list for PBXNativeTarget "TwitterDemo" */ = {
			isa = XCConfigurationList;
			buildConfigurations = (
				763BECF61DC1DA1300CC16BC /* Debug */,
				763BECF71DC1DA1300CC16BC /* Release */,
			);
			defaultConfigurationIsVisible = 0;
			defaultConfigurationName = Release;
		};
/* End XCConfigurationList section */
	};
	rootObject = 763BECDB1DC1DA1300CC16BC /* Project object */;
}
